
Microsoft Visual Studio Solution File, Format Version 10.00
# Visual Studio 2008
Project("{FAE04EC0-301F-11D3-BF4B-00C04F79EFBC}") = "Orcamento2005", "Orcamento2005.csproj", "{0BD90A54-2E66-4807-B41A-3C445724B16A}"
EndProject
Global
	GlobalSection(SolutionConfigurationPlatforms) = preSolution
		Debug|Any CPU = Debug|Any CPU
		Release|Any CPU = Release|Any CPU
	EndGlobalSection
	GlobalSection(ProjectConfigurationPlatforms) = postSolution
		{0BD90A54-2E66-4807-B41A-3C445724B16A}.Debug|Any CPU.ActiveCfg = Debug|Any CPU
		{0BD90A54-2E66-4807-B41A-3C445724B16A}.Debug|Any CPU.Build.0 = Debug|Any CPU
		{0BD90A54-2E66-4807-B41A-3C445724B16A}.Debug|Any CPU.Deploy.0 = Debug|Any CPU
		{0BD90A54-2E66-4807-B41A-3C445724B16A}.Release|Any CPU.ActiveCfg = Release|Any CPU
		{0BD90A54-2E66-4807-B41A-3C445724B16A}.Release|Any CPU.Build.0 = Release|Any CPU
		{0BD90A54-2E66-4807-B41A-3C445724B16A}.Release|Any CPU.Deploy.0 = Release|Any CPU
	EndGlobalSection
	GlobalSection(SolutionProperties) = preSolution
		HideSolutionNode = FALSE
	EndGlobalSection
EndGlobal
