
Microsoft Visual Studio Solution File, Format Version 10.00
# Visual Studio 2008
Project("{FAE04EC0-301F-11D3-BF4B-00C04F79EFBC}") = "Instalador", "Instalador\Instalador.csproj", "{29A5D0BE-AF07-4277-B94A-67BE69092E05}"
EndProject
Project("{8BC9CEB8-8B4A-11D0-8D11-00A0C91BC942}") = "SetupDLL", "SetupDLL\SetupDLL.vcproj", "{6761336A-5AFC-4093-BE31-2DF5570332C3}"
EndProject
Project("{B900F1C2-3D47-4FEC-85B3-04AAF18C3634}") = "InstaladorCAB", "InstaladorCAB\InstaladorCAB.vddproj", "{BFC25161-4983-418A-A8BA-2957E7001601}"
EndProject
Project("{8BC9CEB8-8B4A-11D0-8D11-00A0C91BC942}") = "Installer", "Installer\Installer.vcproj", "{2AF83F5C-39CC-4BB0-A2B5-18ED6B2E1424}"
EndProject
Project("{B900F1C2-3D47-4FEC-85B3-04AAF18C3634}") = "Instalador2CAB", "Instalador2CAB\Instalador2CAB.vddproj", "{A938B329-B7B9-4857-8122-761EABDCA17C}"
EndProject
Project("{B900F1C2-3D47-4FEC-85B3-04AAF18C3634}") = "Instalador3CAB", "Instalador3CAB\Instalador3CAB.vddproj", "{946E80FB-EBD0-4F53-A269-9A878367A718}"
EndProject
Project("{B900F1C2-3D47-4FEC-85B3-04AAF18C3634}") = "Instalador4CAB", "Instalador4CAB\Instalador4CAB.vddproj", "{04EFB592-6339-4649-BD85-5AB40C062FFF}"
EndProject
Global
	GlobalSection(SolutionConfigurationPlatforms) = preSolution
		Debug|Any CPU = Debug|Any CPU
		Debug|Mixed Platforms = Debug|Mixed Platforms
		Debug|Windows Mobile 5.0 Pocket PC SDK (ARMV4I) = Debug|Windows Mobile 5.0 Pocket PC SDK (ARMV4I)
		Debug|Windows Mobile 6 Professional SDK (ARMV4I) = Debug|Windows Mobile 6 Professional SDK (ARMV4I)
		Debug|Windows Mobile 6 Standard SDK (ARMV4I) = Debug|Windows Mobile 6 Standard SDK (ARMV4I)
		Release|Any CPU = Release|Any CPU
		Release|Mixed Platforms = Release|Mixed Platforms
		Release|Windows Mobile 5.0 Pocket PC SDK (ARMV4I) = Release|Windows Mobile 5.0 Pocket PC SDK (ARMV4I)
		Release|Windows Mobile 6 Professional SDK (ARMV4I) = Release|Windows Mobile 6 Professional SDK (ARMV4I)
		Release|Windows Mobile 6 Standard SDK (ARMV4I) = Release|Windows Mobile 6 Standard SDK (ARMV4I)
	EndGlobalSection
	GlobalSection(ProjectConfigurationPlatforms) = postSolution
		{29A5D0BE-AF07-4277-B94A-67BE69092E05}.Debug|Any CPU.ActiveCfg = Debug|Any CPU
		{29A5D0BE-AF07-4277-B94A-67BE69092E05}.Debug|Any CPU.Build.0 = Debug|Any CPU
		{29A5D0BE-AF07-4277-B94A-67BE69092E05}.Debug|Any CPU.Deploy.0 = Debug|Any CPU
		{29A5D0BE-AF07-4277-B94A-67BE69092E05}.Debug|Mixed Platforms.ActiveCfg = Debug|Any CPU
		{29A5D0BE-AF07-4277-B94A-67BE69092E05}.Debug|Mixed Platforms.Build.0 = Debug|Any CPU
		{29A5D0BE-AF07-4277-B94A-67BE69092E05}.Debug|Mixed Platforms.Deploy.0 = Debug|Any CPU
		{29A5D0BE-AF07-4277-B94A-67BE69092E05}.Debug|Windows Mobile 5.0 Pocket PC SDK (ARMV4I).ActiveCfg = Debug|Any CPU
		{29A5D0BE-AF07-4277-B94A-67BE69092E05}.Debug|Windows Mobile 6 Professional SDK (ARMV4I).ActiveCfg = Debug|Any CPU
		{29A5D0BE-AF07-4277-B94A-67BE69092E05}.Debug|Windows Mobile 6 Standard SDK (ARMV4I).ActiveCfg = Debug|Any CPU
		{29A5D0BE-AF07-4277-B94A-67BE69092E05}.Release|Any CPU.ActiveCfg = Release|Any CPU
		{29A5D0BE-AF07-4277-B94A-67BE69092E05}.Release|Any CPU.Build.0 = Release|Any CPU
		{29A5D0BE-AF07-4277-B94A-67BE69092E05}.Release|Any CPU.Deploy.0 = Release|Any CPU
		{29A5D0BE-AF07-4277-B94A-67BE69092E05}.Release|Mixed Platforms.ActiveCfg = Release|Any CPU
		{29A5D0BE-AF07-4277-B94A-67BE69092E05}.Release|Mixed Platforms.Build.0 = Release|Any CPU
		{29A5D0BE-AF07-4277-B94A-67BE69092E05}.Release|Mixed Platforms.Deploy.0 = Release|Any CPU
		{29A5D0BE-AF07-4277-B94A-67BE69092E05}.Release|Windows Mobile 5.0 Pocket PC SDK (ARMV4I).ActiveCfg = Release|Any CPU
		{29A5D0BE-AF07-4277-B94A-67BE69092E05}.Release|Windows Mobile 6 Professional SDK (ARMV4I).ActiveCfg = Release|Any CPU
		{29A5D0BE-AF07-4277-B94A-67BE69092E05}.Release|Windows Mobile 6 Standard SDK (ARMV4I).ActiveCfg = Release|Any CPU
		{6761336A-5AFC-4093-BE31-2DF5570332C3}.Debug|Any CPU.ActiveCfg = Debug|Windows Mobile 6 Standard SDK (ARMV4I)
		{6761336A-5AFC-4093-BE31-2DF5570332C3}.Debug|Mixed Platforms.ActiveCfg = Debug|Windows Mobile 6 Standard SDK (ARMV4I)
		{6761336A-5AFC-4093-BE31-2DF5570332C3}.Debug|Mixed Platforms.Build.0 = Debug|Windows Mobile 6 Standard SDK (ARMV4I)
		{6761336A-5AFC-4093-BE31-2DF5570332C3}.Debug|Mixed Platforms.Deploy.0 = Debug|Windows Mobile 6 Standard SDK (ARMV4I)
		{6761336A-5AFC-4093-BE31-2DF5570332C3}.Debug|Windows Mobile 5.0 Pocket PC SDK (ARMV4I).ActiveCfg = Debug|Windows Mobile 5.0 Pocket PC SDK (ARMV4I)
		{6761336A-5AFC-4093-BE31-2DF5570332C3}.Debug|Windows Mobile 5.0 Pocket PC SDK (ARMV4I).Build.0 = Debug|Windows Mobile 5.0 Pocket PC SDK (ARMV4I)
		{6761336A-5AFC-4093-BE31-2DF5570332C3}.Debug|Windows Mobile 5.0 Pocket PC SDK (ARMV4I).Deploy.0 = Debug|Windows Mobile 5.0 Pocket PC SDK (ARMV4I)
		{6761336A-5AFC-4093-BE31-2DF5570332C3}.Debug|Windows Mobile 6 Professional SDK (ARMV4I).ActiveCfg = Debug|Windows Mobile 6 Professional SDK (ARMV4I)
		{6761336A-5AFC-4093-BE31-2DF5570332C3}.Debug|Windows Mobile 6 Professional SDK (ARMV4I).Build.0 = Debug|Windows Mobile 6 Professional SDK (ARMV4I)
		{6761336A-5AFC-4093-BE31-2DF5570332C3}.Debug|Windows Mobile 6 Professional SDK (ARMV4I).Deploy.0 = Debug|Windows Mobile 6 Professional SDK (ARMV4I)
		{6761336A-5AFC-4093-BE31-2DF5570332C3}.Debug|Windows Mobile 6 Standard SDK (ARMV4I).ActiveCfg = Debug|Windows Mobile 6 Standard SDK (ARMV4I)
		{6761336A-5AFC-4093-BE31-2DF5570332C3}.Debug|Windows Mobile 6 Standard SDK (ARMV4I).Build.0 = Debug|Windows Mobile 6 Standard SDK (ARMV4I)
		{6761336A-5AFC-4093-BE31-2DF5570332C3}.Debug|Windows Mobile 6 Standard SDK (ARMV4I).Deploy.0 = Debug|Windows Mobile 6 Standard SDK (ARMV4I)
		{6761336A-5AFC-4093-BE31-2DF5570332C3}.Release|Any CPU.ActiveCfg = Release|Windows Mobile 6 Standard SDK (ARMV4I)
		{6761336A-5AFC-4093-BE31-2DF5570332C3}.Release|Mixed Platforms.ActiveCfg = Release|Windows Mobile 6 Standard SDK (ARMV4I)
		{6761336A-5AFC-4093-BE31-2DF5570332C3}.Release|Mixed Platforms.Build.0 = Release|Windows Mobile 6 Standard SDK (ARMV4I)
		{6761336A-5AFC-4093-BE31-2DF5570332C3}.Release|Mixed Platforms.Deploy.0 = Release|Windows Mobile 6 Standard SDK (ARMV4I)
		{6761336A-5AFC-4093-BE31-2DF5570332C3}.Release|Windows Mobile 5.0 Pocket PC SDK (ARMV4I).ActiveCfg = Release|Windows Mobile 5.0 Pocket PC SDK (ARMV4I)
		{6761336A-5AFC-4093-BE31-2DF5570332C3}.Release|Windows Mobile 5.0 Pocket PC SDK (ARMV4I).Build.0 = Release|Windows Mobile 5.0 Pocket PC SDK (ARMV4I)
		{6761336A-5AFC-4093-BE31-2DF5570332C3}.Release|Windows Mobile 5.0 Pocket PC SDK (ARMV4I).Deploy.0 = Release|Windows Mobile 5.0 Pocket PC SDK (ARMV4I)
		{6761336A-5AFC-4093-BE31-2DF5570332C3}.Release|Windows Mobile 6 Professional SDK (ARMV4I).ActiveCfg = Release|Windows Mobile 6 Professional SDK (ARMV4I)
		{6761336A-5AFC-4093-BE31-2DF5570332C3}.Release|Windows Mobile 6 Professional SDK (ARMV4I).Build.0 = Release|Windows Mobile 6 Professional SDK (ARMV4I)
		{6761336A-5AFC-4093-BE31-2DF5570332C3}.Release|Windows Mobile 6 Professional SDK (ARMV4I).Deploy.0 = Release|Windows Mobile 6 Professional SDK (ARMV4I)
		{6761336A-5AFC-4093-BE31-2DF5570332C3}.Release|Windows Mobile 6 Standard SDK (ARMV4I).ActiveCfg = Release|Windows Mobile 6 Standard SDK (ARMV4I)
		{6761336A-5AFC-4093-BE31-2DF5570332C3}.Release|Windows Mobile 6 Standard SDK (ARMV4I).Build.0 = Release|Windows Mobile 6 Standard SDK (ARMV4I)
		{6761336A-5AFC-4093-BE31-2DF5570332C3}.Release|Windows Mobile 6 Standard SDK (ARMV4I).Deploy.0 = Release|Windows Mobile 6 Standard SDK (ARMV4I)
		{BFC25161-4983-418A-A8BA-2957E7001601}.Debug|Any CPU.ActiveCfg = Debug
		{BFC25161-4983-418A-A8BA-2957E7001601}.Debug|Mixed Platforms.ActiveCfg = Debug
		{BFC25161-4983-418A-A8BA-2957E7001601}.Debug|Windows Mobile 5.0 Pocket PC SDK (ARMV4I).ActiveCfg = Debug
		{BFC25161-4983-418A-A8BA-2957E7001601}.Debug|Windows Mobile 6 Professional SDK (ARMV4I).ActiveCfg = Debug
		{BFC25161-4983-418A-A8BA-2957E7001601}.Debug|Windows Mobile 6 Standard SDK (ARMV4I).ActiveCfg = Debug
		{BFC25161-4983-418A-A8BA-2957E7001601}.Release|Any CPU.ActiveCfg = Release
		{BFC25161-4983-418A-A8BA-2957E7001601}.Release|Mixed Platforms.ActiveCfg = Release
		{BFC25161-4983-418A-A8BA-2957E7001601}.Release|Windows Mobile 5.0 Pocket PC SDK (ARMV4I).ActiveCfg = Release
		{BFC25161-4983-418A-A8BA-2957E7001601}.Release|Windows Mobile 6 Professional SDK (ARMV4I).ActiveCfg = Release
		{BFC25161-4983-418A-A8BA-2957E7001601}.Release|Windows Mobile 6 Standard SDK (ARMV4I).ActiveCfg = Release
		{2AF83F5C-39CC-4BB0-A2B5-18ED6B2E1424}.Debug|Any CPU.ActiveCfg = Debug|Windows Mobile 6 Professional SDK (ARMV4I)
		{2AF83F5C-39CC-4BB0-A2B5-18ED6B2E1424}.Debug|Mixed Platforms.ActiveCfg = Debug|Windows Mobile 6 Professional SDK (ARMV4I)
		{2AF83F5C-39CC-4BB0-A2B5-18ED6B2E1424}.Debug|Mixed Platforms.Build.0 = Debug|Windows Mobile 6 Professional SDK (ARMV4I)
		{2AF83F5C-39CC-4BB0-A2B5-18ED6B2E1424}.Debug|Mixed Platforms.Deploy.0 = Debug|Windows Mobile 6 Professional SDK (ARMV4I)
		{2AF83F5C-39CC-4BB0-A2B5-18ED6B2E1424}.Debug|Windows Mobile 5.0 Pocket PC SDK (ARMV4I).ActiveCfg = Debug|Windows Mobile 6 Professional SDK (ARMV4I)
		{2AF83F5C-39CC-4BB0-A2B5-18ED6B2E1424}.Debug|Windows Mobile 6 Professional SDK (ARMV4I).ActiveCfg = Debug|Windows Mobile 6 Professional SDK (ARMV4I)
		{2AF83F5C-39CC-4BB0-A2B5-18ED6B2E1424}.Debug|Windows Mobile 6 Professional SDK (ARMV4I).Build.0 = Debug|Windows Mobile 6 Professional SDK (ARMV4I)
		{2AF83F5C-39CC-4BB0-A2B5-18ED6B2E1424}.Debug|Windows Mobile 6 Professional SDK (ARMV4I).Deploy.0 = Debug|Windows Mobile 6 Professional SDK (ARMV4I)
		{2AF83F5C-39CC-4BB0-A2B5-18ED6B2E1424}.Debug|Windows Mobile 6 Standard SDK (ARMV4I).ActiveCfg = Debug|Windows Mobile 6 Professional SDK (ARMV4I)
		{2AF83F5C-39CC-4BB0-A2B5-18ED6B2E1424}.Release|Any CPU.ActiveCfg = Release|Windows Mobile 6 Professional SDK (ARMV4I)
		{2AF83F5C-39CC-4BB0-A2B5-18ED6B2E1424}.Release|Mixed Platforms.ActiveCfg = Release|Windows Mobile 6 Professional SDK (ARMV4I)
		{2AF83F5C-39CC-4BB0-A2B5-18ED6B2E1424}.Release|Mixed Platforms.Build.0 = Release|Windows Mobile 6 Professional SDK (ARMV4I)
		{2AF83F5C-39CC-4BB0-A2B5-18ED6B2E1424}.Release|Mixed Platforms.Deploy.0 = Release|Windows Mobile 6 Professional SDK (ARMV4I)
		{2AF83F5C-39CC-4BB0-A2B5-18ED6B2E1424}.Release|Windows Mobile 5.0 Pocket PC SDK (ARMV4I).ActiveCfg = Release|Windows Mobile 6 Professional SDK (ARMV4I)
		{2AF83F5C-39CC-4BB0-A2B5-18ED6B2E1424}.Release|Windows Mobile 6 Professional SDK (ARMV4I).ActiveCfg = Release|Windows Mobile 6 Professional SDK (ARMV4I)
		{2AF83F5C-39CC-4BB0-A2B5-18ED6B2E1424}.Release|Windows Mobile 6 Professional SDK (ARMV4I).Build.0 = Release|Windows Mobile 6 Professional SDK (ARMV4I)
		{2AF83F5C-39CC-4BB0-A2B5-18ED6B2E1424}.Release|Windows Mobile 6 Professional SDK (ARMV4I).Deploy.0 = Release|Windows Mobile 6 Professional SDK (ARMV4I)
		{2AF83F5C-39CC-4BB0-A2B5-18ED6B2E1424}.Release|Windows Mobile 6 Standard SDK (ARMV4I).ActiveCfg = Release|Windows Mobile 6 Professional SDK (ARMV4I)
		{A938B329-B7B9-4857-8122-761EABDCA17C}.Debug|Any CPU.ActiveCfg = Debug
		{A938B329-B7B9-4857-8122-761EABDCA17C}.Debug|Any CPU.Build.0 = Debug
		{A938B329-B7B9-4857-8122-761EABDCA17C}.Debug|Mixed Platforms.ActiveCfg = Debug
		{A938B329-B7B9-4857-8122-761EABDCA17C}.Debug|Mixed Platforms.Build.0 = Debug
		{A938B329-B7B9-4857-8122-761EABDCA17C}.Debug|Windows Mobile 5.0 Pocket PC SDK (ARMV4I).ActiveCfg = Debug
		{A938B329-B7B9-4857-8122-761EABDCA17C}.Debug|Windows Mobile 5.0 Pocket PC SDK (ARMV4I).Build.0 = Debug
		{A938B329-B7B9-4857-8122-761EABDCA17C}.Debug|Windows Mobile 6 Professional SDK (ARMV4I).ActiveCfg = Debug
		{A938B329-B7B9-4857-8122-761EABDCA17C}.Debug|Windows Mobile 6 Professional SDK (ARMV4I).Build.0 = Debug
		{A938B329-B7B9-4857-8122-761EABDCA17C}.Debug|Windows Mobile 6 Standard SDK (ARMV4I).ActiveCfg = Debug
		{A938B329-B7B9-4857-8122-761EABDCA17C}.Debug|Windows Mobile 6 Standard SDK (ARMV4I).Build.0 = Debug
		{A938B329-B7B9-4857-8122-761EABDCA17C}.Release|Any CPU.ActiveCfg = Release
		{A938B329-B7B9-4857-8122-761EABDCA17C}.Release|Any CPU.Build.0 = Release
		{A938B329-B7B9-4857-8122-761EABDCA17C}.Release|Mixed Platforms.ActiveCfg = Release
		{A938B329-B7B9-4857-8122-761EABDCA17C}.Release|Mixed Platforms.Build.0 = Release
		{A938B329-B7B9-4857-8122-761EABDCA17C}.Release|Windows Mobile 5.0 Pocket PC SDK (ARMV4I).ActiveCfg = Release
		{A938B329-B7B9-4857-8122-761EABDCA17C}.Release|Windows Mobile 5.0 Pocket PC SDK (ARMV4I).Build.0 = Release
		{A938B329-B7B9-4857-8122-761EABDCA17C}.Release|Windows Mobile 6 Professional SDK (ARMV4I).ActiveCfg = Release
		{A938B329-B7B9-4857-8122-761EABDCA17C}.Release|Windows Mobile 6 Professional SDK (ARMV4I).Build.0 = Release
		{A938B329-B7B9-4857-8122-761EABDCA17C}.Release|Windows Mobile 6 Standard SDK (ARMV4I).ActiveCfg = Release
		{A938B329-B7B9-4857-8122-761EABDCA17C}.Release|Windows Mobile 6 Standard SDK (ARMV4I).Build.0 = Release
		{946E80FB-EBD0-4F53-A269-9A878367A718}.Debug|Any CPU.ActiveCfg = Debug
		{946E80FB-EBD0-4F53-A269-9A878367A718}.Debug|Any CPU.Build.0 = Debug
		{946E80FB-EBD0-4F53-A269-9A878367A718}.Debug|Mixed Platforms.ActiveCfg = Debug
		{946E80FB-EBD0-4F53-A269-9A878367A718}.Debug|Mixed Platforms.Build.0 = Debug
		{946E80FB-EBD0-4F53-A269-9A878367A718}.Debug|Windows Mobile 5.0 Pocket PC SDK (ARMV4I).ActiveCfg = Debug
		{946E80FB-EBD0-4F53-A269-9A878367A718}.Debug|Windows Mobile 5.0 Pocket PC SDK (ARMV4I).Build.0 = Debug
		{946E80FB-EBD0-4F53-A269-9A878367A718}.Debug|Windows Mobile 6 Professional SDK (ARMV4I).ActiveCfg = Debug
		{946E80FB-EBD0-4F53-A269-9A878367A718}.Debug|Windows Mobile 6 Professional SDK (ARMV4I).Build.0 = Debug
		{946E80FB-EBD0-4F53-A269-9A878367A718}.Debug|Windows Mobile 6 Standard SDK (ARMV4I).ActiveCfg = Debug
		{946E80FB-EBD0-4F53-A269-9A878367A718}.Debug|Windows Mobile 6 Standard SDK (ARMV4I).Build.0 = Debug
		{946E80FB-EBD0-4F53-A269-9A878367A718}.Release|Any CPU.ActiveCfg = Release
		{946E80FB-EBD0-4F53-A269-9A878367A718}.Release|Any CPU.Build.0 = Release
		{946E80FB-EBD0-4F53-A269-9A878367A718}.Release|Mixed Platforms.ActiveCfg = Release
		{946E80FB-EBD0-4F53-A269-9A878367A718}.Release|Mixed Platforms.Build.0 = Release
		{946E80FB-EBD0-4F53-A269-9A878367A718}.Release|Windows Mobile 5.0 Pocket PC SDK (ARMV4I).ActiveCfg = Release
		{946E80FB-EBD0-4F53-A269-9A878367A718}.Release|Windows Mobile 5.0 Pocket PC SDK (ARMV4I).Build.0 = Release
		{946E80FB-EBD0-4F53-A269-9A878367A718}.Release|Windows Mobile 6 Professional SDK (ARMV4I).ActiveCfg = Release
		{946E80FB-EBD0-4F53-A269-9A878367A718}.Release|Windows Mobile 6 Professional SDK (ARMV4I).Build.0 = Release
		{946E80FB-EBD0-4F53-A269-9A878367A718}.Release|Windows Mobile 6 Standard SDK (ARMV4I).ActiveCfg = Release
		{946E80FB-EBD0-4F53-A269-9A878367A718}.Release|Windows Mobile 6 Standard SDK (ARMV4I).Build.0 = Release
		{04EFB592-6339-4649-BD85-5AB40C062FFF}.Debug|Any CPU.ActiveCfg = Debug
		{04EFB592-6339-4649-BD85-5AB40C062FFF}.Debug|Any CPU.Build.0 = Debug
		{04EFB592-6339-4649-BD85-5AB40C062FFF}.Debug|Mixed Platforms.ActiveCfg = Debug
		{04EFB592-6339-4649-BD85-5AB40C062FFF}.Debug|Mixed Platforms.Build.0 = Debug
		{04EFB592-6339-4649-BD85-5AB40C062FFF}.Debug|Windows Mobile 5.0 Pocket PC SDK (ARMV4I).ActiveCfg = Debug
		{04EFB592-6339-4649-BD85-5AB40C062FFF}.Debug|Windows Mobile 5.0 Pocket PC SDK (ARMV4I).Build.0 = Debug
		{04EFB592-6339-4649-BD85-5AB40C062FFF}.Debug|Windows Mobile 6 Professional SDK (ARMV4I).ActiveCfg = Debug
		{04EFB592-6339-4649-BD85-5AB40C062FFF}.Debug|Windows Mobile 6 Professional SDK (ARMV4I).Build.0 = Debug
		{04EFB592-6339-4649-BD85-5AB40C062FFF}.Debug|Windows Mobile 6 Standard SDK (ARMV4I).ActiveCfg = Debug
		{04EFB592-6339-4649-BD85-5AB40C062FFF}.Debug|Windows Mobile 6 Standard SDK (ARMV4I).Build.0 = Debug
		{04EFB592-6339-4649-BD85-5AB40C062FFF}.Release|Any CPU.ActiveCfg = Release
		{04EFB592-6339-4649-BD85-5AB40C062FFF}.Release|Any CPU.Build.0 = Release
		{04EFB592-6339-4649-BD85-5AB40C062FFF}.Release|Mixed Platforms.ActiveCfg = Release
		{04EFB592-6339-4649-BD85-5AB40C062FFF}.Release|Mixed Platforms.Build.0 = Release
		{04EFB592-6339-4649-BD85-5AB40C062FFF}.Release|Windows Mobile 5.0 Pocket PC SDK (ARMV4I).ActiveCfg = Release
		{04EFB592-6339-4649-BD85-5AB40C062FFF}.Release|Windows Mobile 5.0 Pocket PC SDK (ARMV4I).Build.0 = Release
		{04EFB592-6339-4649-BD85-5AB40C062FFF}.Release|Windows Mobile 6 Professional SDK (ARMV4I).ActiveCfg = Release
		{04EFB592-6339-4649-BD85-5AB40C062FFF}.Release|Windows Mobile 6 Professional SDK (ARMV4I).Build.0 = Release
		{04EFB592-6339-4649-BD85-5AB40C062FFF}.Release|Windows Mobile 6 Standard SDK (ARMV4I).ActiveCfg = Release
		{04EFB592-6339-4649-BD85-5AB40C062FFF}.Release|Windows Mobile 6 Standard SDK (ARMV4I).Build.0 = Release
	EndGlobalSection
	GlobalSection(SolutionProperties) = preSolution
		HideSolutionNode = FALSE
	EndGlobalSection
EndGlobal
