Microsoft Visual Studio Solution File, Format Version 8.00
Project("{20D4826A-C6FA-45DB-90F4-C717570B9F32}") = "OpenNETCF.Web.Services2", "OpenNETCF.Web.Services2.csdproj", "{EA93E97B-FC64-420A-A1D4-93817F50D9A6}"
	ProjectSection(ProjectDependencies) = postProject
	EndProjectSection
EndProject
Project("{20D4826A-C6FA-45DB-90F4-C717570B9F32}") = "OpenNETCF", "..\OpenNETCF\OpenNETCF.csdproj", "{EEE28D3C-9C36-4968-8AD1-0DE97C42B6B6}"
	ProjectSection(ProjectDependencies) = postProject
	EndProjectSection
EndProject
Global
	GlobalSection(SolutionConfiguration) = preSolution
		Debug = Debug
		NDoc = NDoc
		Release = Release
	EndGlobalSection
	GlobalSection(ProjectConfiguration) = postSolution
		{EA93E97B-FC64-420A-A1D4-93817F50D9A6}.Debug.ActiveCfg = Debug|Windows CE
		{EA93E97B-FC64-420A-A1D4-93817F50D9A6}.Debug.Build.0 = Debug|Windows CE
		{EA93E97B-FC64-420A-A1D4-93817F50D9A6}.Debug.Deploy.0 = Debug|Windows CE
		{EA93E97B-FC64-420A-A1D4-93817F50D9A6}.NDoc.ActiveCfg = Release|Windows CE
		{EA93E97B-FC64-420A-A1D4-93817F50D9A6}.NDoc.Build.0 = Release|Windows CE
		{EA93E97B-FC64-420A-A1D4-93817F50D9A6}.NDoc.Deploy.0 = Release|Windows CE
		{EA93E97B-FC64-420A-A1D4-93817F50D9A6}.Release.ActiveCfg = Release|Windows CE
		{EA93E97B-FC64-420A-A1D4-93817F50D9A6}.Release.Build.0 = Release|Windows CE
		{EA93E97B-FC64-420A-A1D4-93817F50D9A6}.Release.Deploy.0 = Release|Windows CE
		{EEE28D3C-9C36-4968-8AD1-0DE97C42B6B6}.Debug.ActiveCfg = Debug|Windows CE
		{EEE28D3C-9C36-4968-8AD1-0DE97C42B6B6}.Debug.Build.0 = Debug|Windows CE
		{EEE28D3C-9C36-4968-8AD1-0DE97C42B6B6}.Debug.Deploy.0 = Debug|Windows CE
		{EEE28D3C-9C36-4968-8AD1-0DE97C42B6B6}.NDoc.ActiveCfg = NDoc|Windows CE
		{EEE28D3C-9C36-4968-8AD1-0DE97C42B6B6}.NDoc.Build.0 = NDoc|Windows CE
		{EEE28D3C-9C36-4968-8AD1-0DE97C42B6B6}.NDoc.Deploy.0 = NDoc|Windows CE
		{EEE28D3C-9C36-4968-8AD1-0DE97C42B6B6}.Release.ActiveCfg = Release|Windows CE
		{EEE28D3C-9C36-4968-8AD1-0DE97C42B6B6}.Release.Build.0 = Release|Windows CE
		{EEE28D3C-9C36-4968-8AD1-0DE97C42B6B6}.Release.Deploy.0 = Release|Windows CE
	EndGlobalSection
	GlobalSection(ExtensibilityGlobals) = postSolution
	EndGlobalSection
	GlobalSection(ExtensibilityAddIns) = postSolution
	EndGlobalSection
EndGlobal
