
Microsoft Visual Studio Solution File, Format Version 10.00
# Visual Studio 2008
Project("{FAE04EC0-301F-11D3-BF4B-00C04F79EFBC}") = "SMSLauncher", "SMSLauncher\SMSLauncher.csproj", "{312F2430-7A80-4BAC-A738-535870AE1081}"
	ProjectSection(ProjectDependencies) = postProject
		{5B7DE2E4-1A9C-4235-A8CB-559B25372BF6} = {5B7DE2E4-1A9C-4235-A8CB-559B25372BF6}
	EndProjectSection
EndProject
Project("{FAE04EC0-301F-11D3-BF4B-00C04F79EFBC}") = "rt", "rt\rt.csproj", "{45DBAF9B-7BF7-49C0-A23B-DBA8711722DF}"
	ProjectSection(ProjectDependencies) = postProject
		{5B7DE2E4-1A9C-4235-A8CB-559B25372BF6} = {5B7DE2E4-1A9C-4235-A8CB-559B25372BF6}
	EndProjectSection
EndProject
Project("{FAE04EC0-301F-11D3-BF4B-00C04F79EFBC}") = "CommonDLL", "CommonDLL\CommonDLL.csproj", "{5B7DE2E4-1A9C-4235-A8CB-559B25372BF6}"
EndProject
Project("{FAE04EC0-301F-11D3-BF4B-00C04F79EFBC}") = "RTRegCreator", "RTRegCreator\RTRegCreator.csproj", "{FA70B5CA-8BC6-4567-B83A-C53BC1D5C1D0}"
EndProject
Project("{FAE04EC0-301F-11D3-BF4B-00C04F79EFBC}") = "RTRemote", "RTRemote\RTRemote.csproj", "{0B0C1330-335C-4A72-984F-EBD775DDCBDE}"
EndProject
Project("{FAE04EC0-301F-11D3-BF4B-00C04F79EFBC}") = "Lock", "Lock\Lock.csproj", "{A9DBF48D-B192-4237-B266-0BE29ED29C17}"
	ProjectSection(ProjectDependencies) = postProject
		{5B7DE2E4-1A9C-4235-A8CB-559B25372BF6} = {5B7DE2E4-1A9C-4235-A8CB-559B25372BF6}
	EndProjectSection
EndProject
Project("{FAE04EC0-301F-11D3-BF4B-00C04F79EFBC}") = "Config", "Config\Config.csproj", "{129DAF59-A754-49EB-8DC2-15E26EF6729B}"
	ProjectSection(ProjectDependencies) = postProject
		{5B7DE2E4-1A9C-4235-A8CB-559B25372BF6} = {5B7DE2E4-1A9C-4235-A8CB-559B25372BF6}
	EndProjectSection
EndProject
Project("{B900F1C2-3D47-4FEC-85B3-04AAF18C3634}") = "RemoteTrackerCab", "RemoteTrackerCab\RemoteTrackerCab.vddproj", "{B526AE66-6916-4173-B80E-904E82EEE276}"
EndProject
Project("{FAE04EC0-301F-11D3-BF4B-00C04F79EFBC}") = "DelUs", "DelUs\DelUs.csproj", "{D6293DB2-1DB0-4F09-9A1E-5919A982E833}"
	ProjectSection(ProjectDependencies) = postProject
		{5B7DE2E4-1A9C-4235-A8CB-559B25372BF6} = {5B7DE2E4-1A9C-4235-A8CB-559B25372BF6}
	EndProjectSection
EndProject
Project("{8BC9CEB8-8B4A-11D0-8D11-00A0C91BC942}") = "SetupDLL", "SetupDLL\SetupDLL.vcproj", "{6761336A-5AFC-4093-BE31-2DF5570332C3}"
EndProject
Project("{FAE04EC0-301F-11D3-BF4B-00C04F79EFBC}") = "setup", "setup\setup.csproj", "{32934C78-DF9E-473B-9EAB-A9D072BB119C}"
	ProjectSection(ProjectDependencies) = postProject
		{5B7DE2E4-1A9C-4235-A8CB-559B25372BF6} = {5B7DE2E4-1A9C-4235-A8CB-559B25372BF6}
	EndProjectSection
EndProject
Project("{FAE04EC0-301F-11D3-BF4B-00C04F79EFBC}") = "TopSecret", "TopSecret\TopSecret.csproj", "{100401E6-9E9D-4E46-B10C-73D447B821B2}"
	ProjectSection(ProjectDependencies) = postProject
		{5B7DE2E4-1A9C-4235-A8CB-559B25372BF6} = {5B7DE2E4-1A9C-4235-A8CB-559B25372BF6}
	EndProjectSection
EndProject
Project("{8BC9CEB8-8B4A-11D0-8D11-00A0C91BC942}") = "RTRule", "RTRule\RTRule.vcproj", "{1B795867-E577-4F0E-8DDF-A09E03CBF9ED}"
EndProject
Global
	GlobalSection(SolutionConfigurationPlatforms) = preSolution
		Debug|Any CPU = Debug|Any CPU
		Debug|Mixed Platforms = Debug|Mixed Platforms
		Debug|Win32 = Debug|Win32
		Debug|Windows Mobile 6 Professional SDK (ARMV4I) = Debug|Windows Mobile 6 Professional SDK (ARMV4I)
		Debug|Windows Mobile 6 Standard SDK (ARMV4I) = Debug|Windows Mobile 6 Standard SDK (ARMV4I)
		Release|Any CPU = Release|Any CPU
		Release|Mixed Platforms = Release|Mixed Platforms
		Release|Win32 = Release|Win32
		Release|Windows Mobile 6 Professional SDK (ARMV4I) = Release|Windows Mobile 6 Professional SDK (ARMV4I)
		Release|Windows Mobile 6 Standard SDK (ARMV4I) = Release|Windows Mobile 6 Standard SDK (ARMV4I)
	EndGlobalSection
	GlobalSection(ProjectConfigurationPlatforms) = postSolution
		{312F2430-7A80-4BAC-A738-535870AE1081}.Debug|Any CPU.ActiveCfg = Debug|Any CPU
		{312F2430-7A80-4BAC-A738-535870AE1081}.Debug|Any CPU.Build.0 = Debug|Any CPU
		{312F2430-7A80-4BAC-A738-535870AE1081}.Debug|Any CPU.Deploy.0 = Debug|Any CPU
		{312F2430-7A80-4BAC-A738-535870AE1081}.Debug|Mixed Platforms.ActiveCfg = Debug|Any CPU
		{312F2430-7A80-4BAC-A738-535870AE1081}.Debug|Mixed Platforms.Build.0 = Debug|Any CPU
		{312F2430-7A80-4BAC-A738-535870AE1081}.Debug|Mixed Platforms.Deploy.0 = Debug|Any CPU
		{312F2430-7A80-4BAC-A738-535870AE1081}.Debug|Win32.ActiveCfg = Debug|Any CPU
		{312F2430-7A80-4BAC-A738-535870AE1081}.Debug|Windows Mobile 6 Professional SDK (ARMV4I).ActiveCfg = Debug|Any CPU
		{312F2430-7A80-4BAC-A738-535870AE1081}.Debug|Windows Mobile 6 Standard SDK (ARMV4I).ActiveCfg = Debug|Any CPU
		{312F2430-7A80-4BAC-A738-535870AE1081}.Release|Any CPU.ActiveCfg = Release|Any CPU
		{312F2430-7A80-4BAC-A738-535870AE1081}.Release|Any CPU.Build.0 = Release|Any CPU
		{312F2430-7A80-4BAC-A738-535870AE1081}.Release|Any CPU.Deploy.0 = Release|Any CPU
		{312F2430-7A80-4BAC-A738-535870AE1081}.Release|Mixed Platforms.ActiveCfg = Release|Any CPU
		{312F2430-7A80-4BAC-A738-535870AE1081}.Release|Mixed Platforms.Build.0 = Release|Any CPU
		{312F2430-7A80-4BAC-A738-535870AE1081}.Release|Mixed Platforms.Deploy.0 = Release|Any CPU
		{312F2430-7A80-4BAC-A738-535870AE1081}.Release|Win32.ActiveCfg = Release|Any CPU
		{312F2430-7A80-4BAC-A738-535870AE1081}.Release|Windows Mobile 6 Professional SDK (ARMV4I).ActiveCfg = Release|Any CPU
		{312F2430-7A80-4BAC-A738-535870AE1081}.Release|Windows Mobile 6 Standard SDK (ARMV4I).ActiveCfg = Release|Any CPU
		{45DBAF9B-7BF7-49C0-A23B-DBA8711722DF}.Debug|Any CPU.ActiveCfg = Debug|Any CPU
		{45DBAF9B-7BF7-49C0-A23B-DBA8711722DF}.Debug|Any CPU.Build.0 = Debug|Any CPU
		{45DBAF9B-7BF7-49C0-A23B-DBA8711722DF}.Debug|Any CPU.Deploy.0 = Debug|Any CPU
		{45DBAF9B-7BF7-49C0-A23B-DBA8711722DF}.Debug|Mixed Platforms.ActiveCfg = Debug|Any CPU
		{45DBAF9B-7BF7-49C0-A23B-DBA8711722DF}.Debug|Mixed Platforms.Build.0 = Debug|Any CPU
		{45DBAF9B-7BF7-49C0-A23B-DBA8711722DF}.Debug|Mixed Platforms.Deploy.0 = Debug|Any CPU
		{45DBAF9B-7BF7-49C0-A23B-DBA8711722DF}.Debug|Win32.ActiveCfg = Debug|Any CPU
		{45DBAF9B-7BF7-49C0-A23B-DBA8711722DF}.Debug|Windows Mobile 6 Professional SDK (ARMV4I).ActiveCfg = Debug|Any CPU
		{45DBAF9B-7BF7-49C0-A23B-DBA8711722DF}.Debug|Windows Mobile 6 Standard SDK (ARMV4I).ActiveCfg = Debug|Any CPU
		{45DBAF9B-7BF7-49C0-A23B-DBA8711722DF}.Release|Any CPU.ActiveCfg = Release|Any CPU
		{45DBAF9B-7BF7-49C0-A23B-DBA8711722DF}.Release|Any CPU.Build.0 = Release|Any CPU
		{45DBAF9B-7BF7-49C0-A23B-DBA8711722DF}.Release|Any CPU.Deploy.0 = Release|Any CPU
		{45DBAF9B-7BF7-49C0-A23B-DBA8711722DF}.Release|Mixed Platforms.ActiveCfg = Release|Any CPU
		{45DBAF9B-7BF7-49C0-A23B-DBA8711722DF}.Release|Mixed Platforms.Build.0 = Release|Any CPU
		{45DBAF9B-7BF7-49C0-A23B-DBA8711722DF}.Release|Mixed Platforms.Deploy.0 = Release|Any CPU
		{45DBAF9B-7BF7-49C0-A23B-DBA8711722DF}.Release|Win32.ActiveCfg = Release|Any CPU
		{45DBAF9B-7BF7-49C0-A23B-DBA8711722DF}.Release|Windows Mobile 6 Professional SDK (ARMV4I).ActiveCfg = Release|Any CPU
		{45DBAF9B-7BF7-49C0-A23B-DBA8711722DF}.Release|Windows Mobile 6 Standard SDK (ARMV4I).ActiveCfg = Release|Any CPU
		{5B7DE2E4-1A9C-4235-A8CB-559B25372BF6}.Debug|Any CPU.ActiveCfg = Debug|Any CPU
		{5B7DE2E4-1A9C-4235-A8CB-559B25372BF6}.Debug|Any CPU.Build.0 = Debug|Any CPU
		{5B7DE2E4-1A9C-4235-A8CB-559B25372BF6}.Debug|Mixed Platforms.ActiveCfg = Debug|Any CPU
		{5B7DE2E4-1A9C-4235-A8CB-559B25372BF6}.Debug|Mixed Platforms.Build.0 = Debug|Any CPU
		{5B7DE2E4-1A9C-4235-A8CB-559B25372BF6}.Debug|Win32.ActiveCfg = Debug|Any CPU
		{5B7DE2E4-1A9C-4235-A8CB-559B25372BF6}.Debug|Windows Mobile 6 Professional SDK (ARMV4I).ActiveCfg = Debug|Any CPU
		{5B7DE2E4-1A9C-4235-A8CB-559B25372BF6}.Debug|Windows Mobile 6 Standard SDK (ARMV4I).ActiveCfg = Debug|Any CPU
		{5B7DE2E4-1A9C-4235-A8CB-559B25372BF6}.Release|Any CPU.ActiveCfg = Release|Any CPU
		{5B7DE2E4-1A9C-4235-A8CB-559B25372BF6}.Release|Any CPU.Build.0 = Release|Any CPU
		{5B7DE2E4-1A9C-4235-A8CB-559B25372BF6}.Release|Mixed Platforms.ActiveCfg = Release|Any CPU
		{5B7DE2E4-1A9C-4235-A8CB-559B25372BF6}.Release|Mixed Platforms.Build.0 = Release|Any CPU
		{5B7DE2E4-1A9C-4235-A8CB-559B25372BF6}.Release|Win32.ActiveCfg = Release|Any CPU
		{5B7DE2E4-1A9C-4235-A8CB-559B25372BF6}.Release|Windows Mobile 6 Professional SDK (ARMV4I).ActiveCfg = Release|Any CPU
		{5B7DE2E4-1A9C-4235-A8CB-559B25372BF6}.Release|Windows Mobile 6 Standard SDK (ARMV4I).ActiveCfg = Release|Any CPU
		{FA70B5CA-8BC6-4567-B83A-C53BC1D5C1D0}.Debug|Any CPU.ActiveCfg = Debug|Any CPU
		{FA70B5CA-8BC6-4567-B83A-C53BC1D5C1D0}.Debug|Any CPU.Build.0 = Debug|Any CPU
		{FA70B5CA-8BC6-4567-B83A-C53BC1D5C1D0}.Debug|Mixed Platforms.ActiveCfg = Debug|Any CPU
		{FA70B5CA-8BC6-4567-B83A-C53BC1D5C1D0}.Debug|Mixed Platforms.Build.0 = Debug|Any CPU
		{FA70B5CA-8BC6-4567-B83A-C53BC1D5C1D0}.Debug|Win32.ActiveCfg = Debug|Any CPU
		{FA70B5CA-8BC6-4567-B83A-C53BC1D5C1D0}.Debug|Windows Mobile 6 Professional SDK (ARMV4I).ActiveCfg = Debug|Any CPU
		{FA70B5CA-8BC6-4567-B83A-C53BC1D5C1D0}.Debug|Windows Mobile 6 Standard SDK (ARMV4I).ActiveCfg = Debug|Any CPU
		{FA70B5CA-8BC6-4567-B83A-C53BC1D5C1D0}.Release|Any CPU.ActiveCfg = Release|Any CPU
		{FA70B5CA-8BC6-4567-B83A-C53BC1D5C1D0}.Release|Any CPU.Build.0 = Release|Any CPU
		{FA70B5CA-8BC6-4567-B83A-C53BC1D5C1D0}.Release|Mixed Platforms.ActiveCfg = Release|Any CPU
		{FA70B5CA-8BC6-4567-B83A-C53BC1D5C1D0}.Release|Mixed Platforms.Build.0 = Release|Any CPU
		{FA70B5CA-8BC6-4567-B83A-C53BC1D5C1D0}.Release|Win32.ActiveCfg = Release|Any CPU
		{FA70B5CA-8BC6-4567-B83A-C53BC1D5C1D0}.Release|Windows Mobile 6 Professional SDK (ARMV4I).ActiveCfg = Release|Any CPU
		{FA70B5CA-8BC6-4567-B83A-C53BC1D5C1D0}.Release|Windows Mobile 6 Standard SDK (ARMV4I).ActiveCfg = Release|Any CPU
		{0B0C1330-335C-4A72-984F-EBD775DDCBDE}.Debug|Any CPU.ActiveCfg = Debug|Any CPU
		{0B0C1330-335C-4A72-984F-EBD775DDCBDE}.Debug|Any CPU.Build.0 = Debug|Any CPU
		{0B0C1330-335C-4A72-984F-EBD775DDCBDE}.Debug|Any CPU.Deploy.0 = Debug|Any CPU
		{0B0C1330-335C-4A72-984F-EBD775DDCBDE}.Debug|Mixed Platforms.ActiveCfg = Debug|Any CPU
		{0B0C1330-335C-4A72-984F-EBD775DDCBDE}.Debug|Mixed Platforms.Build.0 = Debug|Any CPU
		{0B0C1330-335C-4A72-984F-EBD775DDCBDE}.Debug|Mixed Platforms.Deploy.0 = Debug|Any CPU
		{0B0C1330-335C-4A72-984F-EBD775DDCBDE}.Debug|Win32.ActiveCfg = Debug|Any CPU
		{0B0C1330-335C-4A72-984F-EBD775DDCBDE}.Debug|Windows Mobile 6 Professional SDK (ARMV4I).ActiveCfg = Debug|Any CPU
		{0B0C1330-335C-4A72-984F-EBD775DDCBDE}.Debug|Windows Mobile 6 Standard SDK (ARMV4I).ActiveCfg = Debug|Any CPU
		{0B0C1330-335C-4A72-984F-EBD775DDCBDE}.Release|Any CPU.ActiveCfg = Release|Any CPU
		{0B0C1330-335C-4A72-984F-EBD775DDCBDE}.Release|Any CPU.Build.0 = Release|Any CPU
		{0B0C1330-335C-4A72-984F-EBD775DDCBDE}.Release|Any CPU.Deploy.0 = Release|Any CPU
		{0B0C1330-335C-4A72-984F-EBD775DDCBDE}.Release|Mixed Platforms.ActiveCfg = Release|Any CPU
		{0B0C1330-335C-4A72-984F-EBD775DDCBDE}.Release|Mixed Platforms.Build.0 = Release|Any CPU
		{0B0C1330-335C-4A72-984F-EBD775DDCBDE}.Release|Mixed Platforms.Deploy.0 = Release|Any CPU
		{0B0C1330-335C-4A72-984F-EBD775DDCBDE}.Release|Win32.ActiveCfg = Release|Any CPU
		{0B0C1330-335C-4A72-984F-EBD775DDCBDE}.Release|Windows Mobile 6 Professional SDK (ARMV4I).ActiveCfg = Release|Any CPU
		{0B0C1330-335C-4A72-984F-EBD775DDCBDE}.Release|Windows Mobile 6 Standard SDK (ARMV4I).ActiveCfg = Release|Any CPU
		{A9DBF48D-B192-4237-B266-0BE29ED29C17}.Debug|Any CPU.ActiveCfg = Debug|Any CPU
		{A9DBF48D-B192-4237-B266-0BE29ED29C17}.Debug|Any CPU.Build.0 = Debug|Any CPU
		{A9DBF48D-B192-4237-B266-0BE29ED29C17}.Debug|Any CPU.Deploy.0 = Debug|Any CPU
		{A9DBF48D-B192-4237-B266-0BE29ED29C17}.Debug|Mixed Platforms.ActiveCfg = Debug|Any CPU
		{A9DBF48D-B192-4237-B266-0BE29ED29C17}.Debug|Mixed Platforms.Build.0 = Debug|Any CPU
		{A9DBF48D-B192-4237-B266-0BE29ED29C17}.Debug|Mixed Platforms.Deploy.0 = Debug|Any CPU
		{A9DBF48D-B192-4237-B266-0BE29ED29C17}.Debug|Win32.ActiveCfg = Debug|Any CPU
		{A9DBF48D-B192-4237-B266-0BE29ED29C17}.Debug|Windows Mobile 6 Professional SDK (ARMV4I).ActiveCfg = Debug|Any CPU
		{A9DBF48D-B192-4237-B266-0BE29ED29C17}.Debug|Windows Mobile 6 Standard SDK (ARMV4I).ActiveCfg = Debug|Any CPU
		{A9DBF48D-B192-4237-B266-0BE29ED29C17}.Release|Any CPU.ActiveCfg = Release|Any CPU
		{A9DBF48D-B192-4237-B266-0BE29ED29C17}.Release|Any CPU.Build.0 = Release|Any CPU
		{A9DBF48D-B192-4237-B266-0BE29ED29C17}.Release|Any CPU.Deploy.0 = Release|Any CPU
		{A9DBF48D-B192-4237-B266-0BE29ED29C17}.Release|Mixed Platforms.ActiveCfg = Release|Any CPU
		{A9DBF48D-B192-4237-B266-0BE29ED29C17}.Release|Mixed Platforms.Build.0 = Release|Any CPU
		{A9DBF48D-B192-4237-B266-0BE29ED29C17}.Release|Mixed Platforms.Deploy.0 = Release|Any CPU
		{A9DBF48D-B192-4237-B266-0BE29ED29C17}.Release|Win32.ActiveCfg = Release|Any CPU
		{A9DBF48D-B192-4237-B266-0BE29ED29C17}.Release|Windows Mobile 6 Professional SDK (ARMV4I).ActiveCfg = Release|Any CPU
		{A9DBF48D-B192-4237-B266-0BE29ED29C17}.Release|Windows Mobile 6 Standard SDK (ARMV4I).ActiveCfg = Release|Any CPU
		{129DAF59-A754-49EB-8DC2-15E26EF6729B}.Debug|Any CPU.ActiveCfg = Debug|Any CPU
		{129DAF59-A754-49EB-8DC2-15E26EF6729B}.Debug|Any CPU.Build.0 = Debug|Any CPU
		{129DAF59-A754-49EB-8DC2-15E26EF6729B}.Debug|Any CPU.Deploy.0 = Debug|Any CPU
		{129DAF59-A754-49EB-8DC2-15E26EF6729B}.Debug|Mixed Platforms.ActiveCfg = Debug|Any CPU
		{129DAF59-A754-49EB-8DC2-15E26EF6729B}.Debug|Mixed Platforms.Build.0 = Debug|Any CPU
		{129DAF59-A754-49EB-8DC2-15E26EF6729B}.Debug|Mixed Platforms.Deploy.0 = Debug|Any CPU
		{129DAF59-A754-49EB-8DC2-15E26EF6729B}.Debug|Win32.ActiveCfg = Debug|Any CPU
		{129DAF59-A754-49EB-8DC2-15E26EF6729B}.Debug|Windows Mobile 6 Professional SDK (ARMV4I).ActiveCfg = Debug|Any CPU
		{129DAF59-A754-49EB-8DC2-15E26EF6729B}.Debug|Windows Mobile 6 Standard SDK (ARMV4I).ActiveCfg = Debug|Any CPU
		{129DAF59-A754-49EB-8DC2-15E26EF6729B}.Release|Any CPU.ActiveCfg = Release|Any CPU
		{129DAF59-A754-49EB-8DC2-15E26EF6729B}.Release|Any CPU.Build.0 = Release|Any CPU
		{129DAF59-A754-49EB-8DC2-15E26EF6729B}.Release|Any CPU.Deploy.0 = Release|Any CPU
		{129DAF59-A754-49EB-8DC2-15E26EF6729B}.Release|Mixed Platforms.ActiveCfg = Release|Any CPU
		{129DAF59-A754-49EB-8DC2-15E26EF6729B}.Release|Mixed Platforms.Build.0 = Release|Any CPU
		{129DAF59-A754-49EB-8DC2-15E26EF6729B}.Release|Mixed Platforms.Deploy.0 = Release|Any CPU
		{129DAF59-A754-49EB-8DC2-15E26EF6729B}.Release|Win32.ActiveCfg = Release|Any CPU
		{129DAF59-A754-49EB-8DC2-15E26EF6729B}.Release|Windows Mobile 6 Professional SDK (ARMV4I).ActiveCfg = Release|Any CPU
		{129DAF59-A754-49EB-8DC2-15E26EF6729B}.Release|Windows Mobile 6 Standard SDK (ARMV4I).ActiveCfg = Release|Any CPU
		{B526AE66-6916-4173-B80E-904E82EEE276}.Debug|Any CPU.ActiveCfg = Debug
		{B526AE66-6916-4173-B80E-904E82EEE276}.Debug|Mixed Platforms.ActiveCfg = Debug
		{B526AE66-6916-4173-B80E-904E82EEE276}.Debug|Mixed Platforms.Build.0 = Debug
		{B526AE66-6916-4173-B80E-904E82EEE276}.Debug|Win32.ActiveCfg = Debug
		{B526AE66-6916-4173-B80E-904E82EEE276}.Debug|Win32.Build.0 = Debug
		{B526AE66-6916-4173-B80E-904E82EEE276}.Debug|Windows Mobile 6 Professional SDK (ARMV4I).ActiveCfg = Debug
		{B526AE66-6916-4173-B80E-904E82EEE276}.Debug|Windows Mobile 6 Professional SDK (ARMV4I).Build.0 = Debug
		{B526AE66-6916-4173-B80E-904E82EEE276}.Debug|Windows Mobile 6 Standard SDK (ARMV4I).ActiveCfg = Debug
		{B526AE66-6916-4173-B80E-904E82EEE276}.Debug|Windows Mobile 6 Standard SDK (ARMV4I).Build.0 = Debug
		{B526AE66-6916-4173-B80E-904E82EEE276}.Release|Any CPU.ActiveCfg = Release
		{B526AE66-6916-4173-B80E-904E82EEE276}.Release|Mixed Platforms.ActiveCfg = Release
		{B526AE66-6916-4173-B80E-904E82EEE276}.Release|Mixed Platforms.Build.0 = Release
		{B526AE66-6916-4173-B80E-904E82EEE276}.Release|Win32.ActiveCfg = Release
		{B526AE66-6916-4173-B80E-904E82EEE276}.Release|Win32.Build.0 = Release
		{B526AE66-6916-4173-B80E-904E82EEE276}.Release|Windows Mobile 6 Professional SDK (ARMV4I).ActiveCfg = Release
		{B526AE66-6916-4173-B80E-904E82EEE276}.Release|Windows Mobile 6 Professional SDK (ARMV4I).Build.0 = Release
		{B526AE66-6916-4173-B80E-904E82EEE276}.Release|Windows Mobile 6 Standard SDK (ARMV4I).ActiveCfg = Release
		{B526AE66-6916-4173-B80E-904E82EEE276}.Release|Windows Mobile 6 Standard SDK (ARMV4I).Build.0 = Release
		{D6293DB2-1DB0-4F09-9A1E-5919A982E833}.Debug|Any CPU.ActiveCfg = Debug|Any CPU
		{D6293DB2-1DB0-4F09-9A1E-5919A982E833}.Debug|Any CPU.Build.0 = Debug|Any CPU
		{D6293DB2-1DB0-4F09-9A1E-5919A982E833}.Debug|Any CPU.Deploy.0 = Debug|Any CPU
		{D6293DB2-1DB0-4F09-9A1E-5919A982E833}.Debug|Mixed Platforms.ActiveCfg = Debug|Any CPU
		{D6293DB2-1DB0-4F09-9A1E-5919A982E833}.Debug|Mixed Platforms.Build.0 = Debug|Any CPU
		{D6293DB2-1DB0-4F09-9A1E-5919A982E833}.Debug|Mixed Platforms.Deploy.0 = Debug|Any CPU
		{D6293DB2-1DB0-4F09-9A1E-5919A982E833}.Debug|Win32.ActiveCfg = Debug|Any CPU
		{D6293DB2-1DB0-4F09-9A1E-5919A982E833}.Debug|Windows Mobile 6 Professional SDK (ARMV4I).ActiveCfg = Debug|Any CPU
		{D6293DB2-1DB0-4F09-9A1E-5919A982E833}.Debug|Windows Mobile 6 Standard SDK (ARMV4I).ActiveCfg = Debug|Any CPU
		{D6293DB2-1DB0-4F09-9A1E-5919A982E833}.Release|Any CPU.ActiveCfg = Release|Any CPU
		{D6293DB2-1DB0-4F09-9A1E-5919A982E833}.Release|Any CPU.Build.0 = Release|Any CPU
		{D6293DB2-1DB0-4F09-9A1E-5919A982E833}.Release|Any CPU.Deploy.0 = Release|Any CPU
		{D6293DB2-1DB0-4F09-9A1E-5919A982E833}.Release|Mixed Platforms.ActiveCfg = Release|Any CPU
		{D6293DB2-1DB0-4F09-9A1E-5919A982E833}.Release|Mixed Platforms.Build.0 = Release|Any CPU
		{D6293DB2-1DB0-4F09-9A1E-5919A982E833}.Release|Mixed Platforms.Deploy.0 = Release|Any CPU
		{D6293DB2-1DB0-4F09-9A1E-5919A982E833}.Release|Win32.ActiveCfg = Release|Any CPU
		{D6293DB2-1DB0-4F09-9A1E-5919A982E833}.Release|Windows Mobile 6 Professional SDK (ARMV4I).ActiveCfg = Release|Any CPU
		{D6293DB2-1DB0-4F09-9A1E-5919A982E833}.Release|Windows Mobile 6 Standard SDK (ARMV4I).ActiveCfg = Release|Any CPU
		{6761336A-5AFC-4093-BE31-2DF5570332C3}.Debug|Any CPU.ActiveCfg = Debug|Windows Mobile 6 Standard SDK (ARMV4I)
		{6761336A-5AFC-4093-BE31-2DF5570332C3}.Debug|Mixed Platforms.ActiveCfg = Debug|Windows Mobile 6 Professional SDK (ARMV4I)
		{6761336A-5AFC-4093-BE31-2DF5570332C3}.Debug|Mixed Platforms.Build.0 = Debug|Windows Mobile 6 Professional SDK (ARMV4I)
		{6761336A-5AFC-4093-BE31-2DF5570332C3}.Debug|Mixed Platforms.Deploy.0 = Debug|Windows Mobile 6 Professional SDK (ARMV4I)
		{6761336A-5AFC-4093-BE31-2DF5570332C3}.Debug|Win32.ActiveCfg = Debug|Windows Mobile 6 Standard SDK (ARMV4I)
		{6761336A-5AFC-4093-BE31-2DF5570332C3}.Debug|Windows Mobile 6 Professional SDK (ARMV4I).ActiveCfg = Debug|Windows Mobile 6 Professional SDK (ARMV4I)
		{6761336A-5AFC-4093-BE31-2DF5570332C3}.Debug|Windows Mobile 6 Professional SDK (ARMV4I).Build.0 = Debug|Windows Mobile 6 Professional SDK (ARMV4I)
		{6761336A-5AFC-4093-BE31-2DF5570332C3}.Debug|Windows Mobile 6 Professional SDK (ARMV4I).Deploy.0 = Debug|Windows Mobile 6 Professional SDK (ARMV4I)
		{6761336A-5AFC-4093-BE31-2DF5570332C3}.Debug|Windows Mobile 6 Standard SDK (ARMV4I).ActiveCfg = Debug|Windows Mobile 6 Standard SDK (ARMV4I)
		{6761336A-5AFC-4093-BE31-2DF5570332C3}.Debug|Windows Mobile 6 Standard SDK (ARMV4I).Build.0 = Debug|Windows Mobile 6 Standard SDK (ARMV4I)
		{6761336A-5AFC-4093-BE31-2DF5570332C3}.Debug|Windows Mobile 6 Standard SDK (ARMV4I).Deploy.0 = Debug|Windows Mobile 6 Standard SDK (ARMV4I)
		{6761336A-5AFC-4093-BE31-2DF5570332C3}.Release|Any CPU.ActiveCfg = Release|Windows Mobile 6 Standard SDK (ARMV4I)
		{6761336A-5AFC-4093-BE31-2DF5570332C3}.Release|Mixed Platforms.ActiveCfg = Release|Windows Mobile 6 Standard SDK (ARMV4I)
		{6761336A-5AFC-4093-BE31-2DF5570332C3}.Release|Mixed Platforms.Build.0 = Release|Windows Mobile 6 Standard SDK (ARMV4I)
		{6761336A-5AFC-4093-BE31-2DF5570332C3}.Release|Mixed Platforms.Deploy.0 = Release|Windows Mobile 6 Standard SDK (ARMV4I)
		{6761336A-5AFC-4093-BE31-2DF5570332C3}.Release|Win32.ActiveCfg = Release|Windows Mobile 6 Standard SDK (ARMV4I)
		{6761336A-5AFC-4093-BE31-2DF5570332C3}.Release|Windows Mobile 6 Professional SDK (ARMV4I).ActiveCfg = Release|Windows Mobile 6 Professional SDK (ARMV4I)
		{6761336A-5AFC-4093-BE31-2DF5570332C3}.Release|Windows Mobile 6 Professional SDK (ARMV4I).Build.0 = Release|Windows Mobile 6 Professional SDK (ARMV4I)
		{6761336A-5AFC-4093-BE31-2DF5570332C3}.Release|Windows Mobile 6 Professional SDK (ARMV4I).Deploy.0 = Release|Windows Mobile 6 Professional SDK (ARMV4I)
		{6761336A-5AFC-4093-BE31-2DF5570332C3}.Release|Windows Mobile 6 Standard SDK (ARMV4I).ActiveCfg = Release|Windows Mobile 6 Standard SDK (ARMV4I)
		{6761336A-5AFC-4093-BE31-2DF5570332C3}.Release|Windows Mobile 6 Standard SDK (ARMV4I).Build.0 = Release|Windows Mobile 6 Standard SDK (ARMV4I)
		{6761336A-5AFC-4093-BE31-2DF5570332C3}.Release|Windows Mobile 6 Standard SDK (ARMV4I).Deploy.0 = Release|Windows Mobile 6 Standard SDK (ARMV4I)
		{32934C78-DF9E-473B-9EAB-A9D072BB119C}.Debug|Any CPU.ActiveCfg = Debug|Any CPU
		{32934C78-DF9E-473B-9EAB-A9D072BB119C}.Debug|Any CPU.Build.0 = Debug|Any CPU
		{32934C78-DF9E-473B-9EAB-A9D072BB119C}.Debug|Any CPU.Deploy.0 = Debug|Any CPU
		{32934C78-DF9E-473B-9EAB-A9D072BB119C}.Debug|Mixed Platforms.ActiveCfg = Debug|Any CPU
		{32934C78-DF9E-473B-9EAB-A9D072BB119C}.Debug|Mixed Platforms.Build.0 = Debug|Any CPU
		{32934C78-DF9E-473B-9EAB-A9D072BB119C}.Debug|Mixed Platforms.Deploy.0 = Debug|Any CPU
		{32934C78-DF9E-473B-9EAB-A9D072BB119C}.Debug|Win32.ActiveCfg = Debug|Any CPU
		{32934C78-DF9E-473B-9EAB-A9D072BB119C}.Debug|Windows Mobile 6 Professional SDK (ARMV4I).ActiveCfg = Debug|Any CPU
		{32934C78-DF9E-473B-9EAB-A9D072BB119C}.Debug|Windows Mobile 6 Standard SDK (ARMV4I).ActiveCfg = Debug|Any CPU
		{32934C78-DF9E-473B-9EAB-A9D072BB119C}.Release|Any CPU.ActiveCfg = Release|Any CPU
		{32934C78-DF9E-473B-9EAB-A9D072BB119C}.Release|Any CPU.Build.0 = Release|Any CPU
		{32934C78-DF9E-473B-9EAB-A9D072BB119C}.Release|Any CPU.Deploy.0 = Release|Any CPU
		{32934C78-DF9E-473B-9EAB-A9D072BB119C}.Release|Mixed Platforms.ActiveCfg = Release|Any CPU
		{32934C78-DF9E-473B-9EAB-A9D072BB119C}.Release|Mixed Platforms.Build.0 = Release|Any CPU
		{32934C78-DF9E-473B-9EAB-A9D072BB119C}.Release|Mixed Platforms.Deploy.0 = Release|Any CPU
		{32934C78-DF9E-473B-9EAB-A9D072BB119C}.Release|Win32.ActiveCfg = Release|Any CPU
		{32934C78-DF9E-473B-9EAB-A9D072BB119C}.Release|Windows Mobile 6 Professional SDK (ARMV4I).ActiveCfg = Release|Any CPU
		{32934C78-DF9E-473B-9EAB-A9D072BB119C}.Release|Windows Mobile 6 Standard SDK (ARMV4I).ActiveCfg = Release|Any CPU
		{100401E6-9E9D-4E46-B10C-73D447B821B2}.Debug|Any CPU.ActiveCfg = Debug|Any CPU
		{100401E6-9E9D-4E46-B10C-73D447B821B2}.Debug|Any CPU.Build.0 = Debug|Any CPU
		{100401E6-9E9D-4E46-B10C-73D447B821B2}.Debug|Any CPU.Deploy.0 = Debug|Any CPU
		{100401E6-9E9D-4E46-B10C-73D447B821B2}.Debug|Mixed Platforms.ActiveCfg = Debug|Any CPU
		{100401E6-9E9D-4E46-B10C-73D447B821B2}.Debug|Mixed Platforms.Build.0 = Debug|Any CPU
		{100401E6-9E9D-4E46-B10C-73D447B821B2}.Debug|Mixed Platforms.Deploy.0 = Debug|Any CPU
		{100401E6-9E9D-4E46-B10C-73D447B821B2}.Debug|Win32.ActiveCfg = Debug|Any CPU
		{100401E6-9E9D-4E46-B10C-73D447B821B2}.Debug|Windows Mobile 6 Professional SDK (ARMV4I).ActiveCfg = Debug|Any CPU
		{100401E6-9E9D-4E46-B10C-73D447B821B2}.Debug|Windows Mobile 6 Standard SDK (ARMV4I).ActiveCfg = Debug|Any CPU
		{100401E6-9E9D-4E46-B10C-73D447B821B2}.Release|Any CPU.ActiveCfg = Release|Any CPU
		{100401E6-9E9D-4E46-B10C-73D447B821B2}.Release|Any CPU.Build.0 = Release|Any CPU
		{100401E6-9E9D-4E46-B10C-73D447B821B2}.Release|Any CPU.Deploy.0 = Release|Any CPU
		{100401E6-9E9D-4E46-B10C-73D447B821B2}.Release|Mixed Platforms.ActiveCfg = Release|Any CPU
		{100401E6-9E9D-4E46-B10C-73D447B821B2}.Release|Mixed Platforms.Build.0 = Release|Any CPU
		{100401E6-9E9D-4E46-B10C-73D447B821B2}.Release|Mixed Platforms.Deploy.0 = Release|Any CPU
		{100401E6-9E9D-4E46-B10C-73D447B821B2}.Release|Win32.ActiveCfg = Release|Any CPU
		{100401E6-9E9D-4E46-B10C-73D447B821B2}.Release|Windows Mobile 6 Professional SDK (ARMV4I).ActiveCfg = Release|Any CPU
		{100401E6-9E9D-4E46-B10C-73D447B821B2}.Release|Windows Mobile 6 Standard SDK (ARMV4I).ActiveCfg = Release|Any CPU
		{1B795867-E577-4F0E-8DDF-A09E03CBF9ED}.Debug|Any CPU.ActiveCfg = Debug|Windows Mobile 6 Standard SDK (ARMV4I)
		{1B795867-E577-4F0E-8DDF-A09E03CBF9ED}.Debug|Mixed Platforms.ActiveCfg = Debug|Windows Mobile 6 Professional SDK (ARMV4I)
		{1B795867-E577-4F0E-8DDF-A09E03CBF9ED}.Debug|Mixed Platforms.Build.0 = Debug|Windows Mobile 6 Professional SDK (ARMV4I)
		{1B795867-E577-4F0E-8DDF-A09E03CBF9ED}.Debug|Mixed Platforms.Deploy.0 = Debug|Windows Mobile 6 Professional SDK (ARMV4I)
		{1B795867-E577-4F0E-8DDF-A09E03CBF9ED}.Debug|Win32.ActiveCfg = Debug|Windows Mobile 6 Standard SDK (ARMV4I)
		{1B795867-E577-4F0E-8DDF-A09E03CBF9ED}.Debug|Windows Mobile 6 Professional SDK (ARMV4I).ActiveCfg = Debug|Windows Mobile 6 Professional SDK (ARMV4I)
		{1B795867-E577-4F0E-8DDF-A09E03CBF9ED}.Debug|Windows Mobile 6 Professional SDK (ARMV4I).Build.0 = Debug|Windows Mobile 6 Professional SDK (ARMV4I)
		{1B795867-E577-4F0E-8DDF-A09E03CBF9ED}.Debug|Windows Mobile 6 Professional SDK (ARMV4I).Deploy.0 = Debug|Windows Mobile 6 Professional SDK (ARMV4I)
		{1B795867-E577-4F0E-8DDF-A09E03CBF9ED}.Debug|Windows Mobile 6 Standard SDK (ARMV4I).ActiveCfg = Debug|Windows Mobile 6 Standard SDK (ARMV4I)
		{1B795867-E577-4F0E-8DDF-A09E03CBF9ED}.Debug|Windows Mobile 6 Standard SDK (ARMV4I).Build.0 = Debug|Windows Mobile 6 Standard SDK (ARMV4I)
		{1B795867-E577-4F0E-8DDF-A09E03CBF9ED}.Debug|Windows Mobile 6 Standard SDK (ARMV4I).Deploy.0 = Debug|Windows Mobile 6 Standard SDK (ARMV4I)
		{1B795867-E577-4F0E-8DDF-A09E03CBF9ED}.Release|Any CPU.ActiveCfg = Release|Windows Mobile 6 Standard SDK (ARMV4I)
		{1B795867-E577-4F0E-8DDF-A09E03CBF9ED}.Release|Mixed Platforms.ActiveCfg = Release|Windows Mobile 6 Standard SDK (ARMV4I)
		{1B795867-E577-4F0E-8DDF-A09E03CBF9ED}.Release|Mixed Platforms.Build.0 = Release|Windows Mobile 6 Standard SDK (ARMV4I)
		{1B795867-E577-4F0E-8DDF-A09E03CBF9ED}.Release|Mixed Platforms.Deploy.0 = Release|Windows Mobile 6 Standard SDK (ARMV4I)
		{1B795867-E577-4F0E-8DDF-A09E03CBF9ED}.Release|Win32.ActiveCfg = Release|Windows Mobile 6 Standard SDK (ARMV4I)
		{1B795867-E577-4F0E-8DDF-A09E03CBF9ED}.Release|Windows Mobile 6 Professional SDK (ARMV4I).ActiveCfg = Release|Windows Mobile 6 Professional SDK (ARMV4I)
		{1B795867-E577-4F0E-8DDF-A09E03CBF9ED}.Release|Windows Mobile 6 Professional SDK (ARMV4I).Build.0 = Release|Windows Mobile 6 Professional SDK (ARMV4I)
		{1B795867-E577-4F0E-8DDF-A09E03CBF9ED}.Release|Windows Mobile 6 Professional SDK (ARMV4I).Deploy.0 = Release|Windows Mobile 6 Professional SDK (ARMV4I)
		{1B795867-E577-4F0E-8DDF-A09E03CBF9ED}.Release|Windows Mobile 6 Standard SDK (ARMV4I).ActiveCfg = Release|Windows Mobile 6 Standard SDK (ARMV4I)
		{1B795867-E577-4F0E-8DDF-A09E03CBF9ED}.Release|Windows Mobile 6 Standard SDK (ARMV4I).Build.0 = Release|Windows Mobile 6 Standard SDK (ARMV4I)
		{1B795867-E577-4F0E-8DDF-A09E03CBF9ED}.Release|Windows Mobile 6 Standard SDK (ARMV4I).Deploy.0 = Release|Windows Mobile 6 Standard SDK (ARMV4I)
	EndGlobalSection
	GlobalSection(SolutionProperties) = preSolution
		HideSolutionNode = FALSE
	EndGlobalSection
EndGlobal
